// !$*UTF8*$!
{
	archiveVersion = 1;
	classes = {
	};
	objectVersion = 77;
	objects = {

/* Begin PBXBuildFile section */
		4A608A882D7F4416007299A5 /* Pages in Frameworks */ = {isa = PBXBuildFile; productRef = 4A608A872D7F4416007299A5 /* Pages */; };
/* End PBXBuildFile section */

/* Begin PBXContainerItemProxy section */
		4A5EA8902D7C72F3008144F8 /* PBXContainerItemProxy */ = {
			isa = PBXContainerItemProxy;
			containerPortal = 4A5EA8702D7C72F2008144F8 /* Project object */;
			proxyType = 1;
			remoteGlobalIDString = 4A5EA8772D7C72F2008144F8;
			remoteInfo = NoteArchive;
		};
		4A5EA89A2D7C72F3008144F8 /* PBXContainerItemProxy */ = {
			isa = PBXContainerItemProxy;
			containerPortal = 4A5EA8702D7C72F2008144F8 /* Project object */;
			proxyType = 1;
			remoteGlobalIDString = 4A5EA8772D7C72F2008144F8;
			remoteInfo = NoteArchive;
		};
/* End PBXContainerItemProxy section */

/* Begin PBXFileReference section */
		4A5EA8782D7C72F2008144F8 /* NoteArchive.app */ = {isa = PBXFileReference; explicitFileType = wrapper.application; includeInIndex = 0; path = NoteArchive.app; sourceTree = BUILT_PRODUCTS_DIR; };
		4A5EA88F2D7C72F3008144F8 /* NoteArchiveTests.xctest */ = {isa = PBXFileReference; explicitFileType = wrapper.cfbundle; includeInIndex = 0; path = NoteArchiveTests.xctest; sourceTree = BUILT_PRODUCTS_DIR; };
		4A5EA8992D7C72F3008144F8 /* NoteArchiveUITests.xctest */ = {isa = PBXFileReference; explicitFileType = wrapper.cfbundle; includeInIndex = 0; path = NoteArchiveUITests.xctest; sourceTree = BUILT_PRODUCTS_DIR; };
/* End PBXFileReference section */

/* Begin PBXFileSystemSynchronizedBuildFileExceptionSet section */
		4AA936362D7F175100E28183 /* Exceptions for "NoteArchive" folder in "NoteArchive" target */ = {
			isa = PBXFileSystemSynchronizedBuildFileExceptionSet;
			membershipExceptions = (
				Info.plist,
			);
			target = 4A5EA8772D7C72F2008144F8 /* NoteArchive */;
		};
/* End PBXFileSystemSynchronizedBuildFileExceptionSet section */

/* Begin PBXFileSystemSynchronizedRootGroup section */
		4A5EA87A2D7C72F2008144F8 /* NoteArchive */ = {
			isa = PBXFileSystemSynchronizedRootGroup;
			exceptions = (
				4AA936362D7F175100E28183 /* Exceptions for "NoteArchive" folder in "NoteArchive" target */,
			);
			path = NoteArchive;
			sourceTree = "<group>";
		};
		4A5EA8922D7C72F3008144F8 /* NoteArchiveTests */ = {
			isa = PBXFileSystemSynchronizedRootGroup;
			path = NoteArchiveTests;
			sourceTree = "<group>";
		};
		4A5EA89C2D7C72F3008144F8 /* NoteArchiveUITests */ = {
			isa = PBXFileSystemSynchronizedRootGroup;
			path = NoteArchiveUITests;
			sourceTree = "<group>";
		};
/* End PBXFileSystemSynchronizedRootGroup section */

/* Begin PBXFrameworksBuildPhase section */
		4A5EA8752D7C72F2008144F8 /* Frameworks */ = {
			isa = PBXFrameworksBuildPhase;
			buildActionMask = 2147483647;
			files = (
				4A608A882D7F4416007299A5 /* Pages in Frameworks */,
			);
			runOnlyForDeploymentPostprocessing = 0;
		};
		4A5EA88C2D7C72F3008144F8 /* Frameworks */ = {
			isa = PBXFrameworksBuildPhase;
			buildActionMask = 2147483647;
			files = (
			);
			runOnlyForDeploymentPostprocessing = 0;
		};
		4A5EA8962D7C72F3008144F8 /* Frameworks */ = {
			isa = PBXFrameworksBuildPhase;
			buildActionMask = 2147483647;
			files = (
			);
			runOnlyForDeploymentPostprocessing = 0;
		};
/* End PBXFrameworksBuildPhase section */

/* Begin PBXGroup section */
		4A5EA86F2D7C72F2008144F8 = {
			isa = PBXGroup;
			children = (
				4A5EA87A2D7C72F2008144F8 /* NoteArchive */,
				4A5EA8922D7C72F3008144F8 /* NoteArchiveTests */,
				4A5EA89C2D7C72F3008144F8 /* NoteArchiveUITests */,
				4A608A862D7F4416007299A5 /* Frameworks */,
				4A5EA8792D7C72F2008144F8 /* Products */,
			);
			sourceTree = "<group>";
		};
		4A5EA8792D7C72F2008144F8 /* Products */ = {
			isa = PBXGroup;
			children = (
				4A5EA8782D7C72F2008144F8 /* NoteArchive.app */,
				4A5EA88F2D7C72F3008144F8 /* NoteArchiveTests.xctest */,
				4A5EA8992D7C72F3008144F8 /* NoteArchiveUITests.xctest */,
			);
			name = Products;
			sourceTree = "<group>";
		};
		4A608A862D7F4416007299A5 /* Frameworks */ = {
			isa = PBXGroup;
			children = (
			);
			name = Frameworks;
			sourceTree = "<group>";
		};
/* End PBXGroup section */

/* Begin PBXNativeTarget section */
		4A5EA8772D7C72F2008144F8 /* NoteArchive */ = {
			isa = PBXNativeTarget;
			buildConfigurationList = 4A5EA8A22D7C72F3008144F8 /* Build configuration list for PBXNativeTarget "NoteArchive" */;
			buildPhases = (
				4A5EA8742D7C72F2008144F8 /* Sources */,
				4A5EA8752D7C72F2008144F8 /* Frameworks */,
				4A5EA8762D7C72F2008144F8 /* Resources */,
			);
			buildRules = (
			);
			dependencies = (
			);
			fileSystemSynchronizedGroups = (
				4A5EA87A2D7C72F2008144F8 /* NoteArchive */,
			);
			name = NoteArchive;
			packageProductDependencies = (
				4A608A872D7F4416007299A5 /* Pages */,
			);
			productName = NoteArchive;
			productReference = 4A5EA8782D7C72F2008144F8 /* NoteArchive.app */;
			productType = "com.apple.product-type.application";
		};
		4A5EA88E2D7C72F3008144F8 /* NoteArchiveTests */ = {
			isa = PBXNativeTarget;
			buildConfigurationList = 4A5EA8A72D7C72F3008144F8 /* Build configuration list for PBXNativeTarget "NoteArchiveTests" */;
			buildPhases = (
				4A5EA88B2D7C72F3008144F8 /* Sources */,
				4A5EA88C2D7C72F3008144F8 /* Frameworks */,
				4A5EA88D2D7C72F3008144F8 /* Resources */,
			);
			buildRules = (
			);
			dependencies = (
				4A5EA8912D7C72F3008144F8 /* PBXTargetDependency */,
			);
			fileSystemSynchronizedGroups = (
				4A5EA8922D7C72F3008144F8 /* NoteArchiveTests */,
			);
			name = NoteArchiveTests;
			packageProductDependencies = (
			);
			productName = NoteArchiveTests;
			productReference = 4A5EA88F2D7C72F3008144F8 /* NoteArchiveTests.xctest */;
			productType = "com.apple.product-type.bundle.unit-test";
		};
		4A5EA8982D7C72F3008144F8 /* NoteArchiveUITests */ = {
			isa = PBXNativeTarget;
			buildConfigurationList = 4A5EA8AA2D7C72F3008144F8 /* Build configuration list for PBXNativeTarget "NoteArchiveUITests" */;
			buildPhases = (
				4A5EA8952D7C72F3008144F8 /* Sources */,
				4A5EA8962D7C72F3008144F8 /* Frameworks */,
				4A5EA8972D7C72F3008144F8 /* Resources */,
			);
			buildRules = (
			);
			dependencies = (
				4A5EA89B2D7C72F3008144F8 /* PBXTargetDependency */,
			);
			fileSystemSynchronizedGroups = (
				4A5EA89C2D7C72F3008144F8 /* NoteArchiveUITests */,
			);
			name = NoteArchiveUITests;
			packageProductDependencies = (
			);
			productName = NoteArchiveUITests;
			productReference = 4A5EA8992D7C72F3008144F8 /* NoteArchiveUITests.xctest */;
			productType = "com.apple.product-type.bundle.ui-testing";
		};
/* End PBXNativeTarget section */

/* Begin PBXProject section */
		4A5EA8702D7C72F2008144F8 /* Project object */ = {
			isa = PBXProject;
			attributes = {
				BuildIndependentTargetsInParallel = 1;
				LastSwiftUpdateCheck = 1620;
				LastUpgradeCheck = 1620;
				TargetAttributes = {
					4A5EA8772D7C72F2008144F8 = {
						CreatedOnToolsVersion = 16.2;
					};
					4A5EA88E2D7C72F3008144F8 = {
						CreatedOnToolsVersion = 16.2;
						TestTargetID = 4A5EA8772D7C72F2008144F8;
					};
					4A5EA8982D7C72F3008144F8 = {
						CreatedOnToolsVersion = 16.2;
						TestTargetID = 4A5EA8772D7C72F2008144F8;
					};
				};
			};
			buildConfigurationList = 4A5EA8732D7C72F2008144F8 /* Build configuration list for PBXProject "NoteArchive" */;
			developmentRegion = en;
			hasScannedForEncodings = 0;
			knownRegions = (
				en,
				Base,
				"zh-Hans",
				"zh-HK",
				"zh-Hant",
				ja,
				ko,
				ru,
			);
			mainGroup = 4A5EA86F2D7C72F2008144F8;
			minimizedProjectReferenceProxies = 1;
			packageReferences = (
				4A608A7C2D7F3FC6007299A5 /* XCLocalSwiftPackageReference "../Pages-master" */,
			);
			preferredProjectObjectVersion = 77;
			productRefGroup = 4A5EA8792D7C72F2008144F8 /* Products */;
			projectDirPath = "";
			projectRoot = "";
			targets = (
				4A5EA8772D7C72F2008144F8 /* NoteArchive */,
				4A5EA88E2D7C72F3008144F8 /* NoteArchiveTests */,
				4A5EA8982D7C72F3008144F8 /* NoteArchiveUITests */,
			);
		};
/* End PBXProject section */

/* Begin PBXResourcesBuildPhase section */
		4A5EA8762D7C72F2008144F8 /* Resources */ = {
			isa = PBXResourcesBuildPhase;
			buildActionMask = 2147483647;
			files = (
			);
			runOnlyForDeploymentPostprocessing = 0;
		};
		4A5EA88D2D7C72F3008144F8 /* Resources */ = {
			isa = PBXResourcesBuildPhase;
			buildActionMask = 2147483647;
			files = (
			);
			runOnlyForDeploymentPostprocessing = 0;
		};
		4A5EA8972D7C72F3008144F8 /* Resources */ = {
			isa = PBXResourcesBuildPhase;
			buildActionMask = 2147483647;
			files = (
			);
			runOnlyForDeploymentPostprocessing = 0;
		};
/* End PBXResourcesBuildPhase section */

/* Begin PBXSourcesBuildPhase section */
		4A5EA8742D7C72F2008144F8 /* Sources */ = {
			isa = PBXSourcesBuildPhase;
			buildActionMask = 2147483647;
			files = (
			);
			runOnlyForDeploymentPostprocessing = 0;
		};
		4A5EA88B2D7C72F3008144F8 /* Sources */ = {
			isa = PBXSourcesBuildPhase;
			buildActionMask = 2147483647;
			files = (
			);
			runOnlyForDeploymentPostprocessing = 0;
		};
		4A5EA8952D7C72F3008144F8 /* Sources */ = {
			isa = PBXSourcesBuildPhase;
			buildActionMask = 2147483647;
			files = (
			);
			runOnlyForDeploymentPostprocessing = 0;
		};
/* End PBXSourcesBuildPhase section */

/* Begin PBXTargetDependency section */
		4A5EA8912D7C72F3008144F8 /* PBXTargetDependency */ = {
			isa = PBXTargetDependency;
			target = 4A5EA8772D7C72F2008144F8 /* NoteArchive */;
			targetProxy = 4A5EA8902D7C72F3008144F8 /* PBXContainerItemProxy */;
		};
		4A5EA89B2D7C72F3008144F8 /* PBXTargetDependency */ = {
			isa = PBXTargetDependency;
			target = 4A5EA8772D7C72F2008144F8 /* NoteArchive */;
			targetProxy = 4A5EA89A2D7C72F3008144F8 /* PBXContainerItemProxy */;
		};
/* End PBXTargetDependency section */

/* Begin XCBuildConfiguration section */
		4A5EA8A32D7C72F3008144F8 /* Debug */ = {
			isa = XCBuildConfiguration;
			buildSettings = {
				ASSETCATALOG_COMPILER_APPICON_NAME = AppIcon;
				ASSETCATALOG_COMPILER_GLOBAL_ACCENT_COLOR_NAME = AccentColor;
				CODE_SIGN_ENTITLEMENTS = NoteArchive/NoteArchiveDebug.entitlements;
				CODE_SIGN_STYLE = Automatic;
				CURRENT_PROJECT_VERSION = 1;
				DEVELOPMENT_ASSET_PATHS = "\"NoteArchive/Preview Content\"";
				DEVELOPMENT_TEAM = CKD76DX6QG;
				ENABLE_PREVIEWS = YES;
				GENERATE_INFOPLIST_FILE = YES;
				INFOPLIST_FILE = NoteArchive/Info.plist;
				INFOPLIST_KEY_CFBundleDisplayName = "Note Archive";
				INFOPLIST_KEY_LSApplicationCategoryType = "public.app-category.utilities";
				INFOPLIST_KEY_UIApplicationSceneManifest_Generation = YES;
				INFOPLIST_KEY_UIApplicationSupportsIndirectInputEvents = YES;
				INFOPLIST_KEY_UILaunchScreen_Generation = YES;
				INFOPLIST_KEY_UIRequiresFullScreen = YES;
				INFOPLIST_KEY_UIStatusBarHidden = YES;
				INFOPLIST_KEY_UISupportedInterfaceOrientations = UIInterfaceOrientationPortrait;
				IPHONEOS_DEPLOYMENT_TARGET = 16.6;
				LD_RUNPATH_SEARCH_PATHS = (
					"$(inherited)",
					"@executable_path/Frameworks",
				);
				MARKETING_VERSION = 1.0;
				PRODUCT_BUNDLE_IDENTIFIER = com.dapanz.notearchive;
				PRODUCT_NAME = "$(TARGET_NAME)";
				SUPPORTED_PLATFORMS = "iphoneos iphonesimulator";
				SUPPORTS_MACCATALYST = NO;
				SUPPORTS_MAC_DESIGNED_FOR_IPHONE_IPAD = NO;
				SUPPORTS_XR_DESIGNED_FOR_IPHONE_IPAD = NO;
				SWIFT_EMIT_LOC_STRINGS = YES;
				SWIFT_VERSION = 5.0;
				TARGETED_DEVICE_FAMILY = 2;
			};
			name = Debug;
		};
		4A5EA8A42D7C72F3008144F8 /* Release */ = {
			isa = XCBuildConfiguration;
			buildSettings = {
				ASSETCATALOG_COMPILER_APPICON_NAME = AppIcon;
				ASSETCATALOG_COMPILER_GLOBAL_ACCENT_COLOR_NAME = AccentColor;
				CODE_SIGN_ENTITLEMENTS = NoteArchive/NoteArchive.entitlements;
				CODE_SIGN_STYLE = Automatic;
				CURRENT_PROJECT_VERSION = 1;
				DEVELOPMENT_ASSET_PATHS = "\"NoteArchive/Preview Content\"";
				DEVELOPMENT_TEAM = CKD76DX6QG;
				ENABLE_PREVIEWS = YES;
				GENERATE_INFOPLIST_FILE = YES;
				INFOPLIST_FILE = NoteArchive/Info.plist;
				INFOPLIST_KEY_CFBundleDisplayName = "Note Archive";
				INFOPLIST_KEY_LSApplicationCategoryType = "public.app-category.utilities";
				INFOPLIST_KEY_UIApplicationSceneManifest_Generation = YES;
				INFOPLIST_KEY_UIApplicationSupportsIndirectInputEvents = YES;
				INFOPLIST_KEY_UILaunchScreen_Generation = YES;
				INFOPLIST_KEY_UIRequiresFullScreen = YES;
				INFOPLIST_KEY_UIStatusBarHidden = YES;
				INFOPLIST_KEY_UISupportedInterfaceOrientations = UIInterfaceOrientationPortrait;
				IPHONEOS_DEPLOYMENT_TARGET = 16.6;
				LD_RUNPATH_SEARCH_PATHS = (
					"$(inherited)",
					"@executable_path/Frameworks",
				);
				MARKETING_VERSION = 1.0;
				PRODUCT_BUNDLE_IDENTIFIER = com.dapanz.notearchive;
				PRODUCT_NAME = "$(TARGET_NAME)";
				SUPPORTED_PLATFORMS = "iphoneos iphonesimulator";
				SUPPORTS_MACCATALYST = NO;
				SUPPORTS_MAC_DESIGNED_FOR_IPHONE_IPAD = NO;
				SUPPORTS_XR_DESIGNED_FOR_IPHONE_IPAD = NO;
				SWIFT_EMIT_LOC_STRINGS = YES;
				SWIFT_VERSION = 5.0;
				TARGETED_DEVICE_FAMILY = 2;
			};
			name = Release;
		};
		4A5EA8A52D7C72F3008144F8 /* Debug */ = {
			isa = XCBuildConfiguration;
			buildSettings = {
				ALWAYS_SEARCH_USER_PATHS = NO;
				ASSETCATALOG_COMPILER_GENERATE_SWIFT_ASSET_SYMBOL_EXTENSIONS = YES;
				CLANG_ANALYZER_NONNULL = YES;
				CLANG_ANALYZER_NUMBER_OBJECT_CONVERSION = YES_AGGRESSIVE;
				CLANG_CXX_LANGUAGE_STANDARD = "gnu++20";
				CLANG_ENABLE_MODULES = YES;
				CLANG_ENABLE_OBJC_ARC = YES;
				CLANG_ENABLE_OBJC_WEAK = YES;
				CLANG_WARN_BLOCK_CAPTURE_AUTORELEASING = YES;
				CLANG_WARN_BOOL_CONVERSION = YES;
				CLANG_WARN_COMMA = YES;
				CLANG_WARN_CONSTANT_CONVERSION = YES;
				CLANG_WARN_DEPRECATED_OBJC_IMPLEMENTATIONS = YES;
				CLANG_WARN_DIRECT_OBJC_ISA_USAGE = YES_ERROR;
				CLANG_WARN_DOCUMENTATION_COMMENTS = YES;
				CLANG_WARN_EMPTY_BODY = YES;
				CLANG_WARN_ENUM_CONVERSION = YES;
				CLANG_WARN_INFINITE_RECURSION = YES;
				CLANG_WARN_INT_CONVERSION = YES;
				CLANG_WARN_NON_LITERAL_NULL_CONVERSION = YES;
				CLANG_WARN_OBJC_IMPLICIT_RETAIN_SELF = YES;
				CLANG_WARN_OBJC_LITERAL_CONVERSION = YES;
				CLANG_WARN_OBJC_ROOT_CLASS = YES_ERROR;
				CLANG_WARN_QUOTED_INCLUDE_IN_FRAMEWORK_HEADER = YES;
				CLANG_WARN_RANGE_LOOP_ANALYSIS = YES;
				CLANG_WARN_STRICT_PROTOTYPES = YES;
				CLANG_WARN_SUSPICIOUS_MOVE = YES;
				CLANG_WARN_UNGUARDED_AVAILABILITY = YES_AGGRESSIVE;
				CLANG_WARN_UNREACHABLE_CODE = YES;
				CLANG_WARN__DUPLICATE_METHOD_MATCH = YES;
				COPY_PHASE_STRIP = NO;
				DEBUG_INFORMATION_FORMAT = dwarf;
				ENABLE_STRICT_OBJC_MSGSEND = YES;
				ENABLE_TESTABILITY = YES;
				ENABLE_USER_SCRIPT_SANDBOXING = YES;
				GCC_C_LANGUAGE_STANDARD = gnu17;
				GCC_DYNAMIC_NO_PIC = NO;
				GCC_NO_COMMON_BLOCKS = YES;
				GCC_OPTIMIZATION_LEVEL = 0;
				GCC_PREPROCESSOR_DEFINITIONS = (
					"DEBUG=1",
					"$(inherited)",
				);
				GCC_WARN_64_TO_32_BIT_CONVERSION = YES;
				GCC_WARN_ABOUT_RETURN_TYPE = YES_ERROR;
				GCC_WARN_UNDECLARED_SELECTOR = YES;
				GCC_WARN_UNINITIALIZED_AUTOS = YES_AGGRESSIVE;
				GCC_WARN_UNUSED_FUNCTION = YES;
				GCC_WARN_UNUSED_VARIABLE = YES;
				IPHONEOS_DEPLOYMENT_TARGET = 18.2;
				LOCALIZATION_PREFERS_STRING_CATALOGS = YES;
				MTL_ENABLE_DEBUG_INFO = INCLUDE_SOURCE;
				MTL_FAST_MATH = YES;
				ONLY_ACTIVE_ARCH = YES;
				SDKROOT = iphoneos;
				SWIFT_ACTIVE_COMPILATION_CONDITIONS = "DEBUG $(inherited)";
				SWIFT_OPTIMIZATION_LEVEL = "-Onone";
			};
			name = Debug;
		};
		4A5EA8A62D7C72F3008144F8 /* Release */ = {
			isa = XCBuildConfiguration;
			buildSettings = {
				ALWAYS_SEARCH_USER_PATHS = NO;
				ASSETCATALOG_COMPILER_GENERATE_SWIFT_ASSET_SYMBOL_EXTENSIONS = YES;
				CLANG_ANALYZER_NONNULL = YES;
				CLANG_ANALYZER_NUMBER_OBJECT_CONVERSION = YES_AGGRESSIVE;
				CLANG_CXX_LANGUAGE_STANDARD = "gnu++20";
				CLANG_ENABLE_MODULES = YES;
				CLANG_ENABLE_OBJC_ARC = YES;
				CLANG_ENABLE_OBJC_WEAK = YES;
				CLANG_WARN_BLOCK_CAPTURE_AUTORELEASING = YES;
				CLANG_WARN_BOOL_CONVERSION = YES;
				CLANG_WARN_COMMA = YES;
				CLANG_WARN_CONSTANT_CONVERSION = YES;
				CLANG_WARN_DEPRECATED_OBJC_IMPLEMENTATIONS = YES;
				CLANG_WARN_DIRECT_OBJC_ISA_USAGE = YES_ERROR;
				CLANG_WARN_DOCUMENTATION_COMMENTS = YES;
				CLANG_WARN_EMPTY_BODY = YES;
				CLANG_WARN_ENUM_CONVERSION = YES;
				CLANG_WARN_INFINITE_RECURSION = YES;
				CLANG_WARN_INT_CONVERSION = YES;
				CLANG_WARN_NON_LITERAL_NULL_CONVERSION = YES;
				CLANG_WARN_OBJC_IMPLICIT_RETAIN_SELF = YES;
				CLANG_WARN_OBJC_LITERAL_CONVERSION = YES;
				CLANG_WARN_OBJC_ROOT_CLASS = YES_ERROR;
				CLANG_WARN_QUOTED_INCLUDE_IN_FRAMEWORK_HEADER = YES;
				CLANG_WARN_RANGE_LOOP_ANALYSIS = YES;
				CLANG_WARN_STRICT_PROTOTYPES = YES;
				CLANG_WARN_SUSPICIOUS_MOVE = YES;
				CLANG_WARN_UNGUARDED_AVAILABILITY = YES_AGGRESSIVE;
				CLANG_WARN_UNREACHABLE_CODE = YES;
				CLANG_WARN__DUPLICATE_METHOD_MATCH = YES;
				COPY_PHASE_STRIP = NO;
				DEBUG_INFORMATION_FORMAT = "dwarf-with-dsym";
				ENABLE_NS_ASSERTIONS = NO;
				ENABLE_STRICT_OBJC_MSGSEND = YES;
				ENABLE_USER_SCRIPT_SANDBOXING = YES;
				GCC_C_LANGUAGE_STANDARD = gnu17;
				GCC_NO_COMMON_BLOCKS = YES;
				GCC_WARN_64_TO_32_BIT_CONVERSION = YES;
				GCC_WARN_ABOUT_RETURN_TYPE = YES_ERROR;
				GCC_WARN_UNDECLARED_SELECTOR = YES;
				GCC_WARN_UNINITIALIZED_AUTOS = YES_AGGRESSIVE;
				GCC_WARN_UNUSED_FUNCTION = YES;
				GCC_WARN_UNUSED_VARIABLE = YES;
				IPHONEOS_DEPLOYMENT_TARGET = 18.2;
				LOCALIZATION_PREFERS_STRING_CATALOGS = YES;
				MTL_ENABLE_DEBUG_INFO = NO;
				MTL_FAST_MATH = YES;
				SDKROOT = iphoneos;
				SWIFT_COMPILATION_MODE = wholemodule;
				VALIDATE_PRODUCT = YES;
			};
			name = Release;
		};
		4A5EA8A82D7C72F3008144F8 /* Debug */ = {
			isa = XCBuildConfiguration;
			buildSettings = {
				BUNDLE_LOADER = "$(TEST_HOST)";
				CODE_SIGN_STYLE = Automatic;
				CURRENT_PROJECT_VERSION = 1;
				DEVELOPMENT_TEAM = CKD76DX6QG;
				GENERATE_INFOPLIST_FILE = YES;
				IPHONEOS_DEPLOYMENT_TARGET = 18.2;
				MARKETING_VERSION = 1.0;
				PRODUCT_BUNDLE_IDENTIFIER = Dapanz.NoteArchiveTests;
				PRODUCT_NAME = "$(TARGET_NAME)";
				SWIFT_EMIT_LOC_STRINGS = NO;
				SWIFT_VERSION = 5.0;
				TARGETED_DEVICE_FAMILY = "1,2";
				TEST_HOST = "$(BUILT_PRODUCTS_DIR)/NoteArchive.app/$(BUNDLE_EXECUTABLE_FOLDER_PATH)/NoteArchive";
			};
			name = Debug;
		};
		4A5EA8A92D7C72F3008144F8 /* Release */ = {
			isa = XCBuildConfiguration;
			buildSettings = {
				BUNDLE_LOADER = "$(TEST_HOST)";
				CODE_SIGN_STYLE = Automatic;
				CURRENT_PROJECT_VERSION = 1;
				DEVELOPMENT_TEAM = CKD76DX6QG;
				GENERATE_INFOPLIST_FILE = YES;
				IPHONEOS_DEPLOYMENT_TARGET = 18.2;
				MARKETING_VERSION = 1.0;
				PRODUCT_BUNDLE_IDENTIFIER = Dapanz.NoteArchiveTests;
				PRODUCT_NAME = "$(TARGET_NAME)";
				SWIFT_EMIT_LOC_STRINGS = NO;
				SWIFT_VERSION = 5.0;
				TARGETED_DEVICE_FAMILY = "1,2";
				TEST_HOST = "$(BUILT_PRODUCTS_DIR)/NoteArchive.app/$(BUNDLE_EXECUTABLE_FOLDER_PATH)/NoteArchive";
			};
			name = Release;
		};
		4A5EA8AB2D7C72F3008144F8 /* Debug */ = {
			isa = XCBuildConfiguration;
			buildSettings = {
				CODE_SIGN_STYLE = Automatic;
				CURRENT_PROJECT_VERSION = 1;
				DEVELOPMENT_TEAM = CKD76DX6QG;
				GENERATE_INFOPLIST_FILE = YES;
				MARKETING_VERSION = 1.0;
				PRODUCT_BUNDLE_IDENTIFIER = Dapanz.NoteArchiveUITests;
				PRODUCT_NAME = "$(TARGET_NAME)";
				SWIFT_EMIT_LOC_STRINGS = NO;
				SWIFT_VERSION = 5.0;
				TARGETED_DEVICE_FAMILY = "1,2";
				TEST_TARGET_NAME = NoteArchive;
			};
			name = Debug;
		};
		4A5EA8AC2D7C72F3008144F8 /* Release */ = {
			isa = XCBuildConfiguration;
			buildSettings = {
				CODE_SIGN_STYLE = Automatic;
				CURRENT_PROJECT_VERSION = 1;
				DEVELOPMENT_TEAM = CKD76DX6QG;
				GENERATE_INFOPLIST_FILE = YES;
				MARKETING_VERSION = 1.0;
				PRODUCT_BUNDLE_IDENTIFIER = Dapanz.NoteArchiveUITests;
				PRODUCT_NAME = "$(TARGET_NAME)";
				SWIFT_EMIT_LOC_STRINGS = NO;
				SWIFT_VERSION = 5.0;
				TARGETED_DEVICE_FAMILY = "1,2";
				TEST_TARGET_NAME = NoteArchive;
			};
			name = Release;
		};
/* End XCBuildConfiguration section */

/* Begin XCConfigurationList section */
		4A5EA8732D7C72F2008144F8 /* Build configuration list for PBXProject "NoteArchive" */ = {
			isa = XCConfigurationList;
			buildConfigurations = (
				4A5EA8A52D7C72F3008144F8 /* Debug */,
				4A5EA8A62D7C72F3008144F8 /* Release */,
			);
			defaultConfigurationIsVisible = 0;
			defaultConfigurationName = Release;
		};
		4A5EA8A22D7C72F3008144F8 /* Build configuration list for PBXNativeTarget "NoteArchive" */ = {
			isa = XCConfigurationList;
			buildConfigurations = (
				4A5EA8A32D7C72F3008144F8 /* Debug */,
				4A5EA8A42D7C72F3008144F8 /* Release */,
			);
			defaultConfigurationIsVisible = 0;
			defaultConfigurationName = Release;
		};
		4A5EA8A72D7C72F3008144F8 /* Build configuration list for PBXNativeTarget "NoteArchiveTests" */ = {
			isa = XCConfigurationList;
			buildConfigurations = (
				4A5EA8A82D7C72F3008144F8 /* Debug */,
				4A5EA8A92D7C72F3008144F8 /* Release */,
			);
			defaultConfigurationIsVisible = 0;
			defaultConfigurationName = Release;
		};
		4A5EA8AA2D7C72F3008144F8 /* Build configuration list for PBXNativeTarget "NoteArchiveUITests" */ = {
			isa = XCConfigurationList;
			buildConfigurations = (
				4A5EA8AB2D7C72F3008144F8 /* Debug */,
				4A5EA8AC2D7C72F3008144F8 /* Release */,
			);
			defaultConfigurationIsVisible = 0;
			defaultConfigurationName = Release;
		};
/* End XCConfigurationList section */

/* Begin XCLocalSwiftPackageReference section */
		4A608A7C2D7F3FC6007299A5 /* XCLocalSwiftPackageReference "../Pages-master" */ = {
			isa = XCLocalSwiftPackageReference;
			relativePath = "../Pages-master";
		};
/* End XCLocalSwiftPackageReference section */

/* Begin XCSwiftPackageProductDependency section */
		4A608A872D7F4416007299A5 /* Pages */ = {
			isa = XCSwiftPackageProductDependency;
			package = 4A608A7C2D7F3FC6007299A5 /* XCLocalSwiftPackageReference "../Pages-master" */;
			productName = Pages;
		};
/* End XCSwiftPackageProductDependency section */
	};
	rootObject = 4A5EA8702D7C72F2008144F8 /* Project object */;
}
